// !$*UTF8*$!
{
	archiveVersion = 1;
	classes = {
	};
	objectVersion = 48;
	objects = {

/* Begin PBXBuildFile section */
		1654342A1FEBDFF40009953E /* AppDelegate.swift in Sources */ = {isa = PBXBuildFile; fileRef = 165434291FEBDFF40009953E /* AppDelegate.swift */; };
		1654342F1FEBDFF40009953E /* Main.storyboard in Resources */ = {isa = PBXBuildFile; fileRef = 1654342D1FEBDFF40009953E /* Main.storyboard */; };
		165434311FEBDFF40009953E /* Assets.xcassets in Resources */ = {isa = PBXBuildFile; fileRef = 165434301FEBDFF40009953E /* Assets.xcassets */; };
		165434341FEBDFF40009953E /* LaunchScreen.storyboard in Resources */ = {isa = PBXBuildFile; fileRef = 165434321FEBDFF40009953E /* LaunchScreen.storyboard */; };
/* End PBXBuildFile section */

/* Begin PBXFileReference section */
		165434261FEBDFF40009953E /* iStores.app */ = {isa = PBXFileReference; explicitFileType = wrapper.application; includeInIndex = 0; path = iStores.app; sourceTree = BUILT_PRODUCTS_DIR; };
		165434291FEBDFF40009953E /* AppDelegate.swift */ = {isa = PBXFileReference; lastKnownFileType = sourcecode.swift; path = AppDelegate.swift; sourceTree = "<group>"; };
		1654342E1FEBDFF40009953E /* Base */ = {isa = PBXFileReference; lastKnownFileType = file.storyboard; name = Base; path = Base.lproj/Main.storyboard; sourceTree = "<group>"; };
		165434301FEBDFF40009953E /* Assets.xcassets */ = {isa = PBXFileReference; lastKnownFileType = folder.assetcatalog; path = Assets.xcassets; sourceTree = "<group>"; };
		165434331FEBDFF40009953E /* Base */ = {isa = PBXFileReference; lastKnownFileType = file.storyboard; name = Base; path = Base.lproj/LaunchScreen.storyboard; sourceTree = "<group>"; };
		165434351FEBDFF40009953E /* Info.plist */ = {isa = PBXFileReference; lastKnownFileType = text.plist.xml; path = Info.plist; sourceTree = "<group>"; };
/* End PBXFileReference section */

/* Begin PBXFrameworksBuildPhase section */
		165434231FEBDFF40009953E /* Frameworks */ = {
			isa = PBXFrameworksBuildPhase;
			buildActionMask = 2147483647;
			files = (
			);
			runOnlyForDeploymentPostprocessing = 0;
		};
/* End PBXFrameworksBuildPhase section */

/* Begin PBXGroup section */
		1654341D1FEBDFF40009953E = {
			isa = PBXGroup;
			children = (
				165434281FEBDFF40009953E /* iStores */,
				165434271FEBDFF40009953E /* Products */,
			);
			sourceTree = "<group>";
		};
		165434271FEBDFF40009953E /* Products */ = {
			isa = PBXGroup;
			children = (
				165434261FEBDFF40009953E /* iStores.app */,
			);
			name = Products;
			sourceTree = "<group>";
		};
		165434281FEBDFF40009953E /* iStores */ = {
			isa = PBXGroup;
			children = (
				1654343B1FED27D80009953E /* Application */,
			);
			path = iStores;
			sourceTree = "<group>";
		};
		1654343B1FED27D80009953E /* Application */ = {
			isa = PBXGroup;
			children = (
				165434401FED28A20009953E /* Assets */,
				1654343F1FED28990009953E /* Main */,
				1654343E1FED28620009953E /* User */,
				1654343D1FED284B0009953E /* Admin */,
				1654343C1FED27FC0009953E /* Sales */,
			);
			path = Application;
			sourceTree = "<group>";
		};
		1654343C1FED27FC0009953E /* Sales */ = {
			isa = PBXGroup;
			children = (
			);
			path = Sales;
			sourceTree = "<group>";
		};
		1654343D1FED284B0009953E /* Admin */ = {
			isa = PBXGroup;
			children = (
			);
			path = Admin;
			sourceTree = "<group>";
		};
		1654343E1FED28620009953E /* User */ = {
			isa = PBXGroup;
			children = (
			);
			path = User;
			sourceTree = "<group>";
		};
		1654343F1FED28990009953E /* Main */ = {
			isa = PBXGroup;
			children = (
				165434291FEBDFF40009953E /* AppDelegate.swift */,
			);
			path = Main;
			sourceTree = "<group>";
		};
		165434401FED28A20009953E /* Assets */ = {
			isa = PBXGroup;
			children = (
				165434421FED28DA0009953E /* Storyboard */,
				165434411FED28C70009953E /* Images */,
				165434351FEBDFF40009953E /* Info.plist */,
			);
			path = Assets;
			sourceTree = "<group>";
		};
		165434411FED28C70009953E /* Images */ = {
			isa = PBXGroup;
			children = (
				165434301FEBDFF40009953E /* Assets.xcassets */,
			);
			path = Images;
			sourceTree = "<group>";
		};
		165434421FED28DA0009953E /* Storyboard */ = {
			isa = PBXGroup;
			children = (
				1654342D1FEBDFF40009953E /* Main.storyboard */,
				165434321FEBDFF40009953E /* LaunchScreen.storyboard */,
			);
			path = Storyboard;
			sourceTree = "<group>";
		};
/* End PBXGroup section */

/* Begin PBXNativeTarget section */
		165434251FEBDFF40009953E /* iStores */ = {
			isa = PBXNativeTarget;
			buildConfigurationList = 165434381FEBDFF40009953E /* Build configuration list for PBXNativeTarget "iStores" */;
			buildPhases = (
				165434221FEBDFF40009953E /* Sources */,
				165434231FEBDFF40009953E /* Frameworks */,
				165434241FEBDFF40009953E /* Resources */,
			);
			buildRules = (
			);
			dependencies = (
			);
			name = iStores;
			productName = iStores;
			productReference = 165434261FEBDFF40009953E /* iStores.app */;
			productType = "com.apple.product-type.application";
		};
/* End PBXNativeTarget section */

/* Begin PBXProject section */
		1654341E1FEBDFF40009953E /* Project object */ = {
			isa = PBXProject;
			attributes = {
				LastSwiftUpdateCheck = 0920;
				LastUpgradeCheck = 0920;
				ORGANIZATIONNAME = "Chase Choi";
				TargetAttributes = {
					165434251FEBDFF40009953E = {
						CreatedOnToolsVersion = 9.2;
						ProvisioningStyle = Automatic;
					};
				};
			};
			buildConfigurationList = 165434211FEBDFF40009953E /* Build configuration list for PBXProject "iStores" */;
			compatibilityVersion = "Xcode 8.0";
			developmentRegion = en;
			hasScannedForEncodings = 0;
			knownRegions = (
				en,
				Base,
			);
			mainGroup = 1654341D1FEBDFF40009953E;
			productRefGroup = 165434271FEBDFF40009953E /* Products */;
			projectDirPath = "";
			projectRoot = "";
			targets = (
				165434251FEBDFF40009953E /* iStores */,
			);
		};
/* End PBXProject section */

/* Begin PBXResourcesBuildPhase section */
		165434241FEBDFF40009953E /* Resources */ = {
			isa = PBXResourcesBuildPhase;
			buildActionMask = 2147483647;
			files = (
				165434341FEBDFF40009953E /* LaunchScreen.storyboard in Resources */,
				165434311FEBDFF40009953E /* Assets.xcassets in Resources */,
				1654342F1FEBDFF40009953E /* Main.storyboard in Resources */,
			);
			runOnlyForDeploymentPostprocessing = 0;
		};
/* End PBXResourcesBuildPhase section */

/* Begin PBXSourcesBuildPhase section */
		165434221FEBDFF40009953E /* Sources */ = {
			isa = PBXSourcesBuildPhase;
			buildActionMask = 2147483647;
			files = (
				1654342A1FEBDFF40009953E /* AppDelegate.swift in Sources */,
			);
			runOnlyForDeploymentPostprocessing = 0;
		};
/* End PBXSourcesBuildPhase section */

/* Begin PBXVariantGroup section */
		1654342D1FEBDFF40009953E /* Main.storyboard */ = {
			isa = PBXVariantGroup;
			children = (
				1654342E1FEBDFF40009953E /* Base */,
			);
			name = Main.storyboard;
			sourceTree = "<group>";
		};
		165434321FEBDFF40009953E /* LaunchScreen.storyboard */ = {
			isa = PBXVariantGroup;
			children = (
				165434331FEBDFF40009953E /* Base */,
			);
			name = LaunchScreen.storyboard;
			sourceTree = "<group>";
		};
/* End PBXVariantGroup section */

/* Begin XCBuildConfiguration section */
		165434361FEBDFF40009953E /* Debug */ = {
			isa = XCBuildConfiguration;
			buildSettings = {
				ALWAYS_SEARCH_USER_PATHS = NO;
				CLANG_ANALYZER_NONNULL = YES;
				CLANG_ANALYZER_NUMBER_OBJECT_CONVERSION = YES_AGGRESSIVE;
				CLANG_CXX_LANGUAGE_STANDARD = "gnu++14";
				CLANG_CXX_LIBRARY = "libc++";
				CLANG_ENABLE_MODULES = YES;
				CLANG_ENABLE_OBJC_ARC = YES;
				CLANG_WARN_BLOCK_CAPTURE_AUTORELEASING = YES;
				CLANG_WARN_BOOL_CONVERSION = YES;
				CLANG_WARN_COMMA = YES;
				CLANG_WARN_CONSTANT_CONVERSION = YES;
				CLANG_WARN_DIRECT_OBJC_ISA_USAGE = YES_ERROR;
				CLANG_WARN_DOCUMENTATION_COMMENTS = YES;
				CLANG_WARN_EMPTY_BODY = YES;
				CLANG_WARN_ENUM_CONVERSION = YES;
				CLANG_WARN_INFINITE_RECURSION = YES;
				CLANG_WARN_INT_CONVERSION = YES;
				CLANG_WARN_NON_LITERAL_NULL_CONVERSION = YES;
				CLANG_WARN_OBJC_LITERAL_CONVERSION = YES;
				CLANG_WARN_OBJC_ROOT_CLASS = YES_ERROR;
				CLANG_WARN_RANGE_LOOP_ANALYSIS = YES;
				CLANG_WARN_STRICT_PROTOTYPES = YES;
				CLANG_WARN_SUSPICIOUS_MOVE = YES;
				CLANG_WARN_UNGUARDED_AVAILABILITY = YES_AGGRESSIVE;
				CLANG_WARN_UNREACHABLE_CODE = YES;
				CLANG_WARN__DUPLICATE_METHOD_MATCH = YES;
				CODE_SIGN_IDENTITY = "iPhone Developer";
				COPY_PHASE_STRIP = NO;
				DEBUG_INFORMATION_FORMAT = dwarf;
				ENABLE_STRICT_OBJC_MSGSEND = YES;
				ENABLE_TESTABILITY = YES;
				GCC_C_LANGUAGE_STANDARD = gnu11;
				GCC_DYNAMIC_NO_PIC = NO;
				GCC_NO_COMMON_BLOCKS = YES;
				GCC_OPTIMIZATION_LEVEL = 0;
				GCC_PREPROCESSOR_DEFINITIONS = (
					"DEBUG=1",
					"$(inherited)",
				);
				GCC_WARN_64_TO_32_BIT_CONVERSION = YES;
				GCC_WARN_ABOUT_RETURN_TYPE = YES_ERROR;
				GCC_WARN_UNDECLARED_SELECTOR = YES;
				GCC_WARN_UNINITIALIZED_AUTOS = YES_AGGRESSIVE;
				GCC_WARN_UNUSED_FUNCTION = YES;
				GCC_WARN_UNUSED_VARIABLE = YES;
				IPHONEOS_DEPLOYMENT_TARGET = 11.2;
				MTL_ENABLE_DEBUG_INFO = YES;
				ONLY_ACTIVE_ARCH = YES;
				SDKROOT = iphoneos;
				SWIFT_ACTIVE_COMPILATION_CONDITIONS = DEBUG;
				SWIFT_OPTIMIZATION_LEVEL = "-Onone";
			};
			name = Debug;
		};
		165434371FEBDFF40009953E /* Release */ = {
			isa = XCBuildConfiguration;
			buildSettings = {
				ALWAYS_SEARCH_USER_PATHS = NO;
				CLANG_ANALYZER_NONNULL = YES;
				CLANG_ANALYZER_NUMBER_OBJECT_CONVERSION = YES_AGGRESSIVE;
				CLANG_CXX_LANGUAGE_STANDARD = "gnu++14";
				CLANG_CXX_LIBRARY = "libc++";
				CLANG_ENABLE_MODULES = YES;
				CLANG_ENABLE_OBJC_ARC = YES;
				CLANG_WARN_BLOCK_CAPTURE_AUTORELEASING = YES;
				CLANG_WARN_BOOL_CONVERSION = YES;
				CLANG_WARN_COMMA = YES;
				CLANG_WARN_CONSTANT_CONVERSION = YES;
				CLANG_WARN_DIRECT_OBJC_ISA_USAGE = YES_ERROR;
				CLANG_WARN_DOCUMENTATION_COMMENTS = YES;
				CLANG_WARN_EMPTY_BODY = YES;
				CLANG_WARN_ENUM_CONVERSION = YES;
				CLANG_WARN_INFINITE_RECURSION = YES;
				CLANG_WARN_INT_CONVERSION = YES;
				CLANG_WARN_NON_LITERAL_NULL_CONVERSION = YES;
				CLANG_WARN_OBJC_LITERAL_CONVERSION = YES;
				CLANG_WARN_OBJC_ROOT_CLASS = YES_ERROR;
				CLANG_WARN_RANGE_LOOP_ANALYSIS = YES;
				CLANG_WARN_STRICT_PROTOTYPES = YES;
				CLANG_WARN_SUSPICIOUS_MOVE = YES;
				CLANG_WARN_UNGUARDED_AVAILABILITY = YES_AGGRESSIVE;
				CLANG_WARN_UNREACHABLE_CODE = YES;
				CLANG_WARN__DUPLICATE_METHOD_MATCH = YES;
				CODE_SIGN_IDENTITY = "iPhone Developer";
				COPY_PHASE_STRIP = NO;
				DEBUG_INFORMATION_FORMAT = "dwarf-with-dsym";
				ENABLE_NS_ASSERTIONS = NO;
				ENABLE_STRICT_OBJC_MSGSEND = YES;
				GCC_C_LANGUAGE_STANDARD = gnu11;
				GCC_NO_COMMON_BLOCKS = YES;
				GCC_WARN_64_TO_32_BIT_CONVERSION = YES;
				GCC_WARN_ABOUT_RETURN_TYPE = YES_ERROR;
				GCC_WARN_UNDECLARED_SELECTOR = YES;
				GCC_WARN_UNINITIALIZED_AUTOS = YES_AGGRESSIVE;
				GCC_WARN_UNUSED_FUNCTION = YES;
				GCC_WARN_UNUSED_VARIABLE = YES;
				IPHONEOS_DEPLOYMENT_TARGET = 11.2;
				MTL_ENABLE_DEBUG_INFO = NO;
				SDKROOT = iphoneos;
				SWIFT_OPTIMIZATION_LEVEL = "-Owholemodule";
				VALIDATE_PRODUCT = YES;
			};
			name = Release;
		};
		165434391FEBDFF40009953E /* Debug */ = {
			isa = XCBuildConfiguration;
			buildSettings = {
				ASSETCATALOG_COMPILER_APPICON_NAME = AppIcon;
				CODE_SIGN_STYLE = Automatic;
				DEVELOPMENT_TEAM = E9875RFG2Y;
				INFOPLIST_FILE = iStores/Info.plist;
				LD_RUNPATH_SEARCH_PATHS = "$(inherited) @executable_path/Frameworks";
				PRODUCT_BUNDLE_IDENTIFIER = ChaseStudio.iStores;
				PRODUCT_NAME = "$(TARGET_NAME)";
				SWIFT_VERSION = 4.0;
				TARGETED_DEVICE_FAMILY = "1,2";
			};
			name = Debug;
		};
		1654343A1FEBDFF40009953E /* Release */ = {
			isa = XCBuildConfiguration;
			buildSettings = {
				ASSETCATALOG_COMPILER_APPICON_NAME = AppIcon;
				CODE_SIGN_STYLE = Automatic;
				DEVELOPMENT_TEAM = E9875RFG2Y;
				INFOPLIST_FILE = iStores/Info.plist;
				LD_RUNPATH_SEARCH_PATHS = "$(inherited) @executable_path/Frameworks";
				PRODUCT_BUNDLE_IDENTIFIER = ChaseStudio.iStores;
				PRODUCT_NAME = "$(TARGET_NAME)";
				SWIFT_VERSION = 4.0;
				TARGETED_DEVICE_FAMILY = "1,2";
			};
			name = Release;
		};
/* End XCBuildConfiguration section */

/* Begin XCConfigurationList section */
		165434211FEBDFF40009953E /* Build configuration list for PBXProject "iStores" */ = {
			isa = XCConfigurationList;
			buildConfigurations = (
				165434361FEBDFF40009953E /* Debug */,
				165434371FEBDFF40009953E /* Release */,
			);
			defaultConfigurationIsVisible = 0;
			defaultConfigurationName = Release;
		};
		165434381FEBDFF40009953E /* Build configuration list for PBXNativeTarget "iStores" */ = {
			isa = XCConfigurationList;
			buildConfigurations = (
				165434391FEBDFF40009953E /* Debug */,
				1654343A1FEBDFF40009953E /* Release */,
			);
			defaultConfigurationIsVisible = 0;
			defaultConfigurationName = Release;
		};
/* End XCConfigurationList section */
	};
	rootObject = 1654341E1FEBDFF40009953E /* Project object */;
}
